
Microsoft Visual Studio Solution File, Format Version 12.00
# Visual Studio Version 16
VisualStudioVersion = 16.0.28803.916
MinimumVisualStudioVersion = 10.0.40219.1
Project("{FAE04EC0-301F-11D3-BF4B-00C04F79EFBC}") = "ok", "ok\ok.csproj", "{BFD88B59-ED04-4338-99F0-D6C6DC5CFC44}"
EndProject
Global
	GlobalSection(SolutionConfigurationPlatforms) = preSolution
		Debug|Any CPU = Debug|Any CPU
		Release|Any CPU = Release|Any CPU
	EndGlobalSection
	GlobalSection(ProjectConfigurationPlatforms) = postSolution
		{BFD88B59-ED04-4338-99F0-D6C6DC5CFC44}.Debug|Any CPU.ActiveCfg = Debug|Any CPU
		{BFD88B59-ED04-4338-99F0-D6C6DC5CFC44}.Debug|Any CPU.Build.0 = Debug|Any CPU
		{BFD88B59-ED04-4338-99F0-D6C6DC5CFC44}.Release|Any CPU.ActiveCfg = Release|Any CPU
		{BFD88B59-ED04-4338-99F0-D6C6DC5CFC44}.Release|Any CPU.Build.0 = Release|Any CPU
	EndGlobalSection
	GlobalSection(SolutionProperties) = preSolution
		HideSolutionNode = FALSE
	EndGlobalSection
	GlobalSection(ExtensibilityGlobals) = postSolution
		SolutionGuid = {8EC95F81-02A2-43ED-B6FD-89024515D097}
	EndGlobalSection
EndGlobal
